// !$*UTF8*$!
{
	archiveVersion = 1;
	classes = {
	};
	objectVersion = 51;
	objects = {

/* Begin PBXBuildFile section */
		16A675BF2671E9B500EB79EC /* AppDelegate.swift in Sources */ = {isa = PBXBuildFile; fileRef = 16A675BE2671E9B500EB79EC /* AppDelegate.swift */; };
		16A675C12671E9B500EB79EC /* SceneDelegate.swift in Sources */ = {isa = PBXBuildFile; fileRef = 16A675C02671E9B500EB79EC /* SceneDelegate.swift */; };
		16A675C62671E9B500EB79EC /* Main.storyboard in Resources */ = {isa = PBXBuildFile; fileRef = 16A675C42671E9B500EB79EC /* Main.storyboard */; };
		16A675C82671E9B600EB79EC /* Assets.xcassets in Resources */ = {isa = PBXBuildFile; fileRef = 16A675C72671E9B600EB79EC /* Assets.xcassets */; };
		16A675CB2671E9B600EB79EC /* LaunchScreen.storyboard in Resources */ = {isa = PBXBuildFile; fileRef = 16A675C92671E9B600EB79EC /* LaunchScreen.storyboard */; };
		16A675D82671EF5300EB79EC /* LoginController.swift in Sources */ = {isa = PBXBuildFile; fileRef = 16A675D72671EF5300EB79EC /* LoginController.swift */; };
		16A675DC2671F15C00EB79EC /* MovieRankController.swift in Sources */ = {isa = PBXBuildFile; fileRef = 16A675DB2671F15C00EB79EC /* MovieRankController.swift */; };
		16A675E02671F79F00EB79EC /* DetailController.swift in Sources */ = {isa = PBXBuildFile; fileRef = 16A675DF2671F79F00EB79EC /* DetailController.swift */; };
		D6EFFCF8C1552B609C52B7E0 /* Pods_Homework15.framework in Frameworks */ = {isa = PBXBuildFile; fileRef = 7B9E6BC1C979BC8385A76FA6 /* Pods_Homework15.framework */; };
/* End PBXBuildFile section */

/* Begin PBXFileReference section */
		050F3266EDE342C4BE7FE8F5 /* Pods-Homework15.release.xcconfig */ = {isa = PBXFileReference; includeInIndex = 1; lastKnownFileType = text.xcconfig; name = "Pods-Homework15.release.xcconfig"; path = "Target Support Files/Pods-Homework15/Pods-Homework15.release.xcconfig"; sourceTree = "<group>"; };
		16A675BB2671E9B500EB79EC /* Homework15.app */ = {isa = PBXFileReference; explicitFileType = wrapper.application; includeInIndex = 0; path = Homework15.app; sourceTree = BUILT_PRODUCTS_DIR; };
		16A675BE2671E9B500EB79EC /* AppDelegate.swift */ = {isa = PBXFileReference; lastKnownFileType = sourcecode.swift; path = AppDelegate.swift; sourceTree = "<group>"; };
		16A675C02671E9B500EB79EC /* SceneDelegate.swift */ = {isa = PBXFileReference; lastKnownFileType = sourcecode.swift; path = SceneDelegate.swift; sourceTree = "<group>"; };
		16A675C52671E9B500EB79EC /* Base */ = {isa = PBXFileReference; lastKnownFileType = file.storyboard; name = Base; path = Base.lproj/Main.storyboard; sourceTree = "<group>"; };
		16A675C72671E9B600EB79EC /* Assets.xcassets */ = {isa = PBXFileReference; lastKnownFileType = folder.assetcatalog; path = Assets.xcassets; sourceTree = "<group>"; };
		16A675CA2671E9B600EB79EC /* Base */ = {isa = PBXFileReference; lastKnownFileType = file.storyboard; name = Base; path = Base.lproj/LaunchScreen.storyboard; sourceTree = "<group>"; };
		16A675CC2671E9B600EB79EC /* Info.plist */ = {isa = PBXFileReference; lastKnownFileType = text.plist.xml; path = Info.plist; sourceTree = "<group>"; };
		16A675D72671EF5300EB79EC /* LoginController.swift */ = {isa = PBXFileReference; fileEncoding = 4; lastKnownFileType = sourcecode.swift; path = LoginController.swift; sourceTree = "<group>"; };
		16A675DB2671F15C00EB79EC /* MovieRankController.swift */ = {isa = PBXFileReference; lastKnownFileType = sourcecode.swift; path = MovieRankController.swift; sourceTree = "<group>"; };
		16A675DF2671F79F00EB79EC /* DetailController.swift */ = {isa = PBXFileReference; lastKnownFileType = sourcecode.swift; path = DetailController.swift; sourceTree = "<group>"; };
		7B9E6BC1C979BC8385A76FA6 /* Pods_Homework15.framework */ = {isa = PBXFileReference; explicitFileType = wrapper.framework; includeInIndex = 0; path = Pods_Homework15.framework; sourceTree = BUILT_PRODUCTS_DIR; };
		C7C6E9444ACF5C4492E44766 /* Pods-Homework15.debug.xcconfig */ = {isa = PBXFileReference; includeInIndex = 1; lastKnownFileType = text.xcconfig; name = "Pods-Homework15.debug.xcconfig"; path = "Target Support Files/Pods-Homework15/Pods-Homework15.debug.xcconfig"; sourceTree = "<group>"; };
/* End PBXFileReference section */

/* Begin PBXFrameworksBuildPhase section */
		16A675B82671E9B500EB79EC /* Frameworks */ = {
			isa = PBXFrameworksBuildPhase;
			buildActionMask = 2147483647;
			files = (
				D6EFFCF8C1552B609C52B7E0 /* Pods_Homework15.framework in Frameworks */,
			);
			runOnlyForDeploymentPostprocessing = 0;
		};
/* End PBXFrameworksBuildPhase section */

/* Begin PBXGroup section */
		16A675B22671E9B500EB79EC = {
			isa = PBXGroup;
			children = (
				16A675BD2671E9B500EB79EC /* Homework15 */,
				16A675BC2671E9B500EB79EC /* Products */,
				C22BBA6C04C8B9638E56DC63 /* Pods */,
				29A880F9AE11B84E6B69843C /* Frameworks */,
			);
			sourceTree = "<group>";
		};
		16A675BC2671E9B500EB79EC /* Products */ = {
			isa = PBXGroup;
			children = (
				16A675BB2671E9B500EB79EC /* Homework15.app */,
			);
			name = Products;
			sourceTree = "<group>";
		};
		16A675BD2671E9B500EB79EC /* Homework15 */ = {
			isa = PBXGroup;
			children = (
				16A675BE2671E9B500EB79EC /* AppDelegate.swift */,
				16A675C02671E9B500EB79EC /* SceneDelegate.swift */,
				16A675D72671EF5300EB79EC /* LoginController.swift */,
				16A675DB2671F15C00EB79EC /* MovieRankController.swift */,
				16A675C42671E9B500EB79EC /* Main.storyboard */,
				16A675DF2671F79F00EB79EC /* DetailController.swift */,
				16A675C72671E9B600EB79EC /* Assets.xcassets */,
				16A675C92671E9B600EB79EC /* LaunchScreen.storyboard */,
				16A675CC2671E9B600EB79EC /* Info.plist */,
			);
			path = Homework15;
			sourceTree = "<group>";
		};
		29A880F9AE11B84E6B69843C /* Frameworks */ = {
			isa = PBXGroup;
			children = (
				7B9E6BC1C979BC8385A76FA6 /* Pods_Homework15.framework */,
			);
			name = Frameworks;
			sourceTree = "<group>";
		};
		C22BBA6C04C8B9638E56DC63 /* Pods */ = {
			isa = PBXGroup;
			children = (
				C7C6E9444ACF5C4492E44766 /* Pods-Homework15.debug.xcconfig */,
				050F3266EDE342C4BE7FE8F5 /* Pods-Homework15.release.xcconfig */,
			);
			path = Pods;
			sourceTree = "<group>";
		};
/* End PBXGroup section */

/* Begin PBXNativeTarget section */
		16A675BA2671E9B500EB79EC /* Homework15 */ = {
			isa = PBXNativeTarget;
			buildConfigurationList = 16A675CF2671E9B600EB79EC /* Build configuration list for PBXNativeTarget "Homework15" */;
			buildPhases = (
				D4F97DFD8845B798033A3C6D /* [CP] Check Pods Manifest.lock */,
				16A675B72671E9B500EB79EC /* Sources */,
				16A675B82671E9B500EB79EC /* Frameworks */,
				16A675B92671E9B500EB79EC /* Resources */,
				122F94AA0637E37FDCFE3ADE /* [CP] Embed Pods Frameworks */,
			);
			buildRules = (
			);
			dependencies = (
			);
			name = Homework15;
			productName = Homework15;
			productReference = 16A675BB2671E9B500EB79EC /* Homework15.app */;
			productType = "com.apple.product-type.application";
		};
/* End PBXNativeTarget section */

/* Begin PBXProject section */
		16A675B32671E9B500EB79EC /* Project object */ = {
			isa = PBXProject;
			attributes = {
				LastSwiftUpdateCheck = 1240;
				LastUpgradeCheck = 1240;
				TargetAttributes = {
					16A675BA2671E9B500EB79EC = {
						CreatedOnToolsVersion = 12.4;
					};
				};
			};
			buildConfigurationList = 16A675B62671E9B500EB79EC /* Build configuration list for PBXProject "Homework15" */;
			compatibilityVersion = "Xcode 9.3";
			developmentRegion = en;
			hasScannedForEncodings = 0;
			knownRegions = (
				en,
				Base,
			);
			mainGroup = 16A675B22671E9B500EB79EC;
			productRefGroup = 16A675BC2671E9B500EB79EC /* Products */;
			projectDirPath = "";
			projectRoot = "";
			targets = (
				16A675BA2671E9B500EB79EC /* Homework15 */,
			);
		};
/* End PBXProject section */

/* Begin PBXResourcesBuildPhase section */
		16A675B92671E9B500EB79EC /* Resources */ = {
			isa = PBXResourcesBuildPhase;
			buildActionMask = 2147483647;
			files = (
				16A675CB2671E9B600EB79EC /* LaunchScreen.storyboard in Resources */,
				16A675C82671E9B600EB79EC /* Assets.xcassets in Resources */,
				16A675C62671E9B500EB79EC /* Main.storyboard in Resources */,
			);
			runOnlyForDeploymentPostprocessing = 0;
		};
/* End PBXResourcesBuildPhase section */

/* Begin PBXShellScriptBuildPhase section */
		122F94AA0637E37FDCFE3ADE /* [CP] Embed Pods Frameworks */ = {
			isa = PBXShellScriptBuildPhase;
			buildActionMask = 2147483647;
			files = (
			);
			inputFileListPaths = (
				"${PODS_ROOT}/Target Support Files/Pods-Homework15/Pods-Homework15-frameworks-${CONFIGURATION}-input-files.xcfilelist",
			);
			name = "[CP] Embed Pods Frameworks";
			outputFileListPaths = (
				"${PODS_ROOT}/Target Support Files/Pods-Homework15/Pods-Homework15-frameworks-${CONFIGURATION}-output-files.xcfilelist",
			);
			runOnlyForDeploymentPostprocessing = 0;
			shellPath = /bin/sh;
			shellScript = "\"${PODS_ROOT}/Target Support Files/Pods-Homework15/Pods-Homework15-frameworks.sh\"\n";
			showEnvVarsInLog = 0;
		};
		D4F97DFD8845B798033A3C6D /* [CP] Check Pods Manifest.lock */ = {
			isa = PBXShellScriptBuildPhase;
			buildActionMask = 2147483647;
			files = (
			);
			inputFileListPaths = (
			);
			inputPaths = (
				"${PODS_PODFILE_DIR_PATH}/Podfile.lock",
				"${PODS_ROOT}/Manifest.lock",
			);
			name = "[CP] Check Pods Manifest.lock";
			outputFileListPaths = (
			);
			outputPaths = (
				"$(DERIVED_FILE_DIR)/Pods-Homework15-checkManifestLockResult.txt",
			);
			runOnlyForDeploymentPostprocessing = 0;
			shellPath = /bin/sh;
			shellScript = "diff \"${PODS_PODFILE_DIR_PATH}/Podfile.lock\" \"${PODS_ROOT}/Manifest.lock\" > /dev/null\nif [ $? != 0 ] ; then\n    # print error to STDERR\n    echo \"error: The sandbox is not in sync with the Podfile.lock. Run 'pod install' or update your CocoaPods installation.\" >&2\n    exit 1\nfi\n# This output is used by Xcode 'outputs' to avoid re-running this script phase.\necho \"SUCCESS\" > \"${SCRIPT_OUTPUT_FILE_0}\"\n";
			showEnvVarsInLog = 0;
		};
/* End PBXShellScriptBuildPhase section */

/* Begin PBXSourcesBuildPhase section */
		16A675B72671E9B500EB79EC /* Sources */ = {
			isa = PBXSourcesBuildPhase;
			buildActionMask = 2147483647;
			files = (
				16A675DC2671F15C00EB79EC /* MovieRankController.swift in Sources */,
				16A675D82671EF5300EB79EC /* LoginController.swift in Sources */,
				16A675BF2671E9B500EB79EC /* AppDelegate.swift in Sources */,
				16A675E02671F79F00EB79EC /* DetailController.swift in Sources */,
				16A675C12671E9B500EB79EC /* SceneDelegate.swift in Sources */,
			);
			runOnlyForDeploymentPostprocessing = 0;
		};
/* End PBXSourcesBuildPhase section */

/* Begin PBXVariantGroup section */
		16A675C42671E9B500EB79EC /* Main.storyboard */ = {
			isa = PBXVariantGroup;
			children = (
				16A675C52671E9B500EB79EC /* Base */,
			);
			name = Main.storyboard;
			sourceTree = "<group>";
		};
		16A675C92671E9B600EB79EC /* LaunchScreen.storyboard */ = {
			isa = PBXVariantGroup;
			children = (
				16A675CA2671E9B600EB79EC /* Base */,
			);
			name = LaunchScreen.storyboard;
			sourceTree = "<group>";
		};
/* End PBXVariantGroup section */

/* Begin XCBuildConfiguration section */
		16A675CD2671E9B600EB79EC /* Debug */ = {
			isa = XCBuildConfiguration;
			buildSettings = {
				ALWAYS_SEARCH_USER_PATHS = NO;
				CLANG_ANALYZER_NONNULL = YES;
				CLANG_ANALYZER_NUMBER_OBJECT_CONVERSION = YES_AGGRESSIVE;
				CLANG_CXX_LANGUAGE_STANDARD = "gnu++14";
				CLANG_CXX_LIBRARY = "libc++";
				CLANG_ENABLE_MODULES = YES;
				CLANG_ENABLE_OBJC_ARC = YES;
				CLANG_ENABLE_OBJC_WEAK = YES;
				CLANG_WARN_BLOCK_CAPTURE_AUTORELEASING = YES;
				CLANG_WARN_BOOL_CONVERSION = YES;
				CLANG_WARN_COMMA = YES;
				CLANG_WARN_CONSTANT_CONVERSION = YES;
				CLANG_WARN_DEPRECATED_OBJC_IMPLEMENTATIONS = YES;
				CLANG_WARN_DIRECT_OBJC_ISA_USAGE = YES_ERROR;
				CLANG_WARN_DOCUMENTATION_COMMENTS = YES;
				CLANG_WARN_EMPTY_BODY = YES;
				CLANG_WARN_ENUM_CONVERSION = YES;
				CLANG_WARN_INFINITE_RECURSION = YES;
				CLANG_WARN_INT_CONVERSION = YES;
				CLANG_WARN_NON_LITERAL_NULL_CONVERSION = YES;
				CLANG_WARN_OBJC_IMPLICIT_RETAIN_SELF = YES;
				CLANG_WARN_OBJC_LITERAL_CONVERSION = YES;
				CLANG_WARN_OBJC_ROOT_CLASS = YES_ERROR;
				CLANG_WARN_QUOTED_INCLUDE_IN_FRAMEWORK_HEADER = YES;
				CLANG_WARN_RANGE_LOOP_ANALYSIS = YES;
				CLANG_WARN_STRICT_PROTOTYPES = YES;
				CLANG_WARN_SUSPICIOUS_MOVE = YES;
				CLANG_WARN_UNGUARDED_AVAILABILITY = YES_AGGRESSIVE;
				CLANG_WARN_UNREACHABLE_CODE = YES;
				CLANG_WARN__DUPLICATE_METHOD_MATCH = YES;
				COPY_PHASE_STRIP = NO;
				DEBUG_INFORMATION_FORMAT = dwarf;
				ENABLE_STRICT_OBJC_MSGSEND = YES;
				ENABLE_TESTABILITY = YES;
				GCC_C_LANGUAGE_STANDARD = gnu11;
				GCC_DYNAMIC_NO_PIC = NO;
				GCC_NO_COMMON_BLOCKS = YES;
				GCC_OPTIMIZATION_LEVEL = 0;
				GCC_PREPROCESSOR_DEFINITIONS = (
					"DEBUG=1",
					"$(inherited)",
				);
				GCC_WARN_64_TO_32_BIT_CONVERSION = YES;
				GCC_WARN_ABOUT_RETURN_TYPE = YES_ERROR;
				GCC_WARN_UNDECLARED_SELECTOR = YES;
				GCC_WARN_UNINITIALIZED_AUTOS = YES_AGGRESSIVE;
				GCC_WARN_UNUSED_FUNCTION = YES;
				GCC_WARN_UNUSED_VARIABLE = YES;
				IPHONEOS_DEPLOYMENT_TARGET = 14.4;
				MTL_ENABLE_DEBUG_INFO = INCLUDE_SOURCE;
				MTL_FAST_MATH = YES;
				ONLY_ACTIVE_ARCH = YES;
				SDKROOT = iphoneos;
				SWIFT_ACTIVE_COMPILATION_CONDITIONS = DEBUG;
				SWIFT_OPTIMIZATION_LEVEL = "-Onone";
			};
			name = Debug;
		};
		16A675CE2671E9B600EB79EC /* Release */ = {
			isa = XCBuildConfiguration;
			buildSettings = {
				ALWAYS_SEARCH_USER_PATHS = NO;
				CLANG_ANALYZER_NONNULL = YES;
				CLANG_ANALYZER_NUMBER_OBJECT_CONVERSION = YES_AGGRESSIVE;
				CLANG_CXX_LANGUAGE_STANDARD = "gnu++14";
				CLANG_CXX_LIBRARY = "libc++";
				CLANG_ENABLE_MODULES = YES;
				CLANG_ENABLE_OBJC_ARC = YES;
				CLANG_ENABLE_OBJC_WEAK = YES;
				CLANG_WARN_BLOCK_CAPTURE_AUTORELEASING = YES;
				CLANG_WARN_BOOL_CONVERSION = YES;
				CLANG_WARN_COMMA = YES;
				CLANG_WARN_CONSTANT_CONVERSION = YES;
				CLANG_WARN_DEPRECATED_OBJC_IMPLEMENTATIONS = YES;
				CLANG_WARN_DIRECT_OBJC_ISA_USAGE = YES_ERROR;
				CLANG_WARN_DOCUMENTATION_COMMENTS = YES;
				CLANG_WARN_EMPTY_BODY = YES;
				CLANG_WARN_ENUM_CONVERSION = YES;
				CLANG_WARN_INFINITE_RECURSION = YES;
				CLANG_WARN_INT_CONVERSION = YES;
				CLANG_WARN_NON_LITERAL_NULL_CONVERSION = YES;
				CLANG_WARN_OBJC_IMPLICIT_RETAIN_SELF = YES;
				CLANG_WARN_OBJC_LITERAL_CONVERSION = YES;
				CLANG_WARN_OBJC_ROOT_CLASS = YES_ERROR;
				CLANG_WARN_QUOTED_INCLUDE_IN_FRAMEWORK_HEADER = YES;
				CLANG_WARN_RANGE_LOOP_ANALYSIS = YES;
				CLANG_WARN_STRICT_PROTOTYPES = YES;
				CLANG_WARN_SUSPICIOUS_MOVE = YES;
				CLANG_WARN_UNGUARDED_AVAILABILITY = YES_AGGRESSIVE;
				CLANG_WARN_UNREACHABLE_CODE = YES;
				CLANG_WARN__DUPLICATE_METHOD_MATCH = YES;
				COPY_PHASE_STRIP = NO;
				DEBUG_INFORMATION_FORMAT = "dwarf-with-dsym";
				ENABLE_NS_ASSERTIONS = NO;
				ENABLE_STRICT_OBJC_MSGSEND = YES;
				GCC_C_LANGUAGE_STANDARD = gnu11;
				GCC_NO_COMMON_BLOCKS = YES;
				GCC_WARN_64_TO_32_BIT_CONVERSION = YES;
				GCC_WARN_ABOUT_RETURN_TYPE = YES_ERROR;
				GCC_WARN_UNDECLARED_SELECTOR = YES;
				GCC_WARN_UNINITIALIZED_AUTOS = YES_AGGRESSIVE;
				GCC_WARN_UNUSED_FUNCTION = YES;
				GCC_WARN_UNUSED_VARIABLE = YES;
				IPHONEOS_DEPLOYMENT_TARGET = 14.4;
				MTL_ENABLE_DEBUG_INFO = NO;
				MTL_FAST_MATH = YES;
				SDKROOT = iphoneos;
				SWIFT_COMPILATION_MODE = wholemodule;
				SWIFT_OPTIMIZATION_LEVEL = "-O";
				VALIDATE_PRODUCT = YES;
			};
			name = Release;
		};
		16A675D02671E9B600EB79EC /* Debug */ = {
			isa = XCBuildConfiguration;
			baseConfigurationReference = C7C6E9444ACF5C4492E44766 /* Pods-Homework15.debug.xcconfig */;
			buildSettings = {
				ASSETCATALOG_COMPILER_APPICON_NAME = AppIcon;
				ASSETCATALOG_COMPILER_GLOBAL_ACCENT_COLOR_NAME = AccentColor;
				CODE_SIGN_STYLE = Automatic;
				INFOPLIST_FILE = Homework15/Info.plist;
				LD_RUNPATH_SEARCH_PATHS = (
					"$(inherited)",
					"@executable_path/Frameworks",
				);
				PRODUCT_BUNDLE_IDENTIFIER = kr.ac.duksung.Homework15;
				PRODUCT_NAME = "$(TARGET_NAME)";
				SWIFT_VERSION = 5.0;
				TARGETED_DEVICE_FAMILY = "1,2";
			};
			name = Debug;
		};
		16A675D12671E9B600EB79EC /* Release */ = {
			isa = XCBuildConfiguration;
			baseConfigurationReference = 050F3266EDE342C4BE7FE8F5 /* Pods-Homework15.release.xcconfig */;
			buildSettings = {
				ASSETCATALOG_COMPILER_APPICON_NAME = AppIcon;
				ASSETCATALOG_COMPILER_GLOBAL_ACCENT_COLOR_NAME = AccentColor;
				CODE_SIGN_STYLE = Automatic;
				INFOPLIST_FILE = Homework15/Info.plist;
				LD_RUNPATH_SEARCH_PATHS = (
					"$(inherited)",
					"@executable_path/Frameworks",
				);
				PRODUCT_BUNDLE_IDENTIFIER = kr.ac.duksung.Homework15;
				PRODUCT_NAME = "$(TARGET_NAME)";
				SWIFT_VERSION = 5.0;
				TARGETED_DEVICE_FAMILY = "1,2";
			};
			name = Release;
		};
/* End XCBuildConfiguration section */

/* Begin XCConfigurationList section */
		16A675B62671E9B500EB79EC /* Build configuration list for PBXProject "Homework15" */ = {
			isa = XCConfigurationList;
			buildConfigurations = (
				16A675CD2671E9B600EB79EC /* Debug */,
				16A675CE2671E9B600EB79EC /* Release */,
			);
			defaultConfigurationIsVisible = 0;
			defaultConfigurationName = Release;
		};
		16A675CF2671E9B600EB79EC /* Build configuration list for PBXNativeTarget "Homework15" */ = {
			isa = XCConfigurationList;
			buildConfigurations = (
				16A675D02671E9B600EB79EC /* Debug */,
				16A675D12671E9B600EB79EC /* Release */,
			);
			defaultConfigurationIsVisible = 0;
			defaultConfigurationName = Release;
		};
/* End XCConfigurationList section */
	};
	rootObject = 16A675B32671E9B500EB79EC /* Project object */;
}
