// !$*UTF8*$!
{
	archiveVersion = 1;
	classes = {
	};
	objectVersion = 51;
	objects = {

/* Begin PBXBuildFile section */
		16BE46BF26671CC400F3B740 /* AppDelegate.swift in Sources */ = {isa = PBXBuildFile; fileRef = 16BE46BE26671CC400F3B740 /* AppDelegate.swift */; };
		16BE46C126671CC400F3B740 /* SceneDelegate.swift in Sources */ = {isa = PBXBuildFile; fileRef = 16BE46C026671CC400F3B740 /* SceneDelegate.swift */; };
		16BE46C626671CC400F3B740 /* Main.storyboard in Resources */ = {isa = PBXBuildFile; fileRef = 16BE46C426671CC400F3B740 /* Main.storyboard */; };
		16BE46C826671CC500F3B740 /* Assets.xcassets in Resources */ = {isa = PBXBuildFile; fileRef = 16BE46C726671CC500F3B740 /* Assets.xcassets */; };
		16BE46CB26671CC500F3B740 /* LaunchScreen.storyboard in Resources */ = {isa = PBXBuildFile; fileRef = 16BE46C926671CC500F3B740 /* LaunchScreen.storyboard */; };
		16BE46E126671F9D00F3B740 /* DepartmentController.swift in Sources */ = {isa = PBXBuildFile; fileRef = 16BE46E026671F9D00F3B740 /* DepartmentController.swift */; };
		16BE46E426671FBE00F3B740 /* EmployeeController.swift in Sources */ = {isa = PBXBuildFile; fileRef = 16BE46E326671FBE00F3B740 /* EmployeeController.swift */; };
		635101944403DFF2FC4CF014 /* Pods_Homework14.framework in Frameworks */ = {isa = PBXBuildFile; fileRef = 613482AA697B03CFD561F6AE /* Pods_Homework14.framework */; };
/* End PBXBuildFile section */

/* Begin PBXFileReference section */
		16BE46BB26671CC400F3B740 /* Homework14.app */ = {isa = PBXFileReference; explicitFileType = wrapper.application; includeInIndex = 0; path = Homework14.app; sourceTree = BUILT_PRODUCTS_DIR; };
		16BE46BE26671CC400F3B740 /* AppDelegate.swift */ = {isa = PBXFileReference; lastKnownFileType = sourcecode.swift; path = AppDelegate.swift; sourceTree = "<group>"; };
		16BE46C026671CC400F3B740 /* SceneDelegate.swift */ = {isa = PBXFileReference; lastKnownFileType = sourcecode.swift; path = SceneDelegate.swift; sourceTree = "<group>"; };
		16BE46C526671CC400F3B740 /* Base */ = {isa = PBXFileReference; lastKnownFileType = file.storyboard; name = Base; path = Base.lproj/Main.storyboard; sourceTree = "<group>"; };
		16BE46C726671CC500F3B740 /* Assets.xcassets */ = {isa = PBXFileReference; lastKnownFileType = folder.assetcatalog; path = Assets.xcassets; sourceTree = "<group>"; };
		16BE46CA26671CC500F3B740 /* Base */ = {isa = PBXFileReference; lastKnownFileType = file.storyboard; name = Base; path = Base.lproj/LaunchScreen.storyboard; sourceTree = "<group>"; };
		16BE46CC26671CC500F3B740 /* Info.plist */ = {isa = PBXFileReference; lastKnownFileType = text.plist.xml; path = Info.plist; sourceTree = "<group>"; };
		16BE46E026671F9D00F3B740 /* DepartmentController.swift */ = {isa = PBXFileReference; lastKnownFileType = sourcecode.swift; path = DepartmentController.swift; sourceTree = "<group>"; };
		16BE46E326671FBE00F3B740 /* EmployeeController.swift */ = {isa = PBXFileReference; lastKnownFileType = sourcecode.swift; path = EmployeeController.swift; sourceTree = "<group>"; };
		613482AA697B03CFD561F6AE /* Pods_Homework14.framework */ = {isa = PBXFileReference; explicitFileType = wrapper.framework; includeInIndex = 0; path = Pods_Homework14.framework; sourceTree = BUILT_PRODUCTS_DIR; };
		9DA47ACD8F90704B657914A7 /* Pods-Homework14.release.xcconfig */ = {isa = PBXFileReference; includeInIndex = 1; lastKnownFileType = text.xcconfig; name = "Pods-Homework14.release.xcconfig"; path = "Target Support Files/Pods-Homework14/Pods-Homework14.release.xcconfig"; sourceTree = "<group>"; };
		9E181E63DB33B81805A6C147 /* Pods-Homework14.debug.xcconfig */ = {isa = PBXFileReference; includeInIndex = 1; lastKnownFileType = text.xcconfig; name = "Pods-Homework14.debug.xcconfig"; path = "Target Support Files/Pods-Homework14/Pods-Homework14.debug.xcconfig"; sourceTree = "<group>"; };
/* End PBXFileReference section */

/* Begin PBXFrameworksBuildPhase section */
		16BE46B826671CC400F3B740 /* Frameworks */ = {
			isa = PBXFrameworksBuildPhase;
			buildActionMask = 2147483647;
			files = (
				635101944403DFF2FC4CF014 /* Pods_Homework14.framework in Frameworks */,
			);
			runOnlyForDeploymentPostprocessing = 0;
		};
/* End PBXFrameworksBuildPhase section */

/* Begin PBXGroup section */
		16BE46B226671CC400F3B740 = {
			isa = PBXGroup;
			children = (
				16BE46BD26671CC400F3B740 /* Homework14 */,
				16BE46BC26671CC400F3B740 /* Products */,
				70B0AC6580BA7134106D1863 /* Pods */,
				34010B4E40373D41E743D438 /* Frameworks */,
			);
			sourceTree = "<group>";
		};
		16BE46BC26671CC400F3B740 /* Products */ = {
			isa = PBXGroup;
			children = (
				16BE46BB26671CC400F3B740 /* Homework14.app */,
			);
			name = Products;
			sourceTree = "<group>";
		};
		16BE46BD26671CC400F3B740 /* Homework14 */ = {
			isa = PBXGroup;
			children = (
				16BE46BE26671CC400F3B740 /* AppDelegate.swift */,
				16BE46C026671CC400F3B740 /* SceneDelegate.swift */,
				16BE46C426671CC400F3B740 /* Main.storyboard */,
				16BE46E326671FBE00F3B740 /* EmployeeController.swift */,
				16BE46E026671F9D00F3B740 /* DepartmentController.swift */,
				16BE46C726671CC500F3B740 /* Assets.xcassets */,
				16BE46C926671CC500F3B740 /* LaunchScreen.storyboard */,
				16BE46CC26671CC500F3B740 /* Info.plist */,
			);
			path = Homework14;
			sourceTree = "<group>";
		};
		34010B4E40373D41E743D438 /* Frameworks */ = {
			isa = PBXGroup;
			children = (
				613482AA697B03CFD561F6AE /* Pods_Homework14.framework */,
			);
			name = Frameworks;
			sourceTree = "<group>";
		};
		70B0AC6580BA7134106D1863 /* Pods */ = {
			isa = PBXGroup;
			children = (
				9E181E63DB33B81805A6C147 /* Pods-Homework14.debug.xcconfig */,
				9DA47ACD8F90704B657914A7 /* Pods-Homework14.release.xcconfig */,
			);
			path = Pods;
			sourceTree = "<group>";
		};
/* End PBXGroup section */

/* Begin PBXNativeTarget section */
		16BE46BA26671CC400F3B740 /* Homework14 */ = {
			isa = PBXNativeTarget;
			buildConfigurationList = 16BE46CF26671CC500F3B740 /* Build configuration list for PBXNativeTarget "Homework14" */;
			buildPhases = (
				6696B5007CBEDD1E3585356F /* [CP] Check Pods Manifest.lock */,
				16BE46B726671CC400F3B740 /* Sources */,
				16BE46B826671CC400F3B740 /* Frameworks */,
				16BE46B926671CC400F3B740 /* Resources */,
				D227C03FA7FF164CAAC898E7 /* [CP] Embed Pods Frameworks */,
			);
			buildRules = (
			);
			dependencies = (
			);
			name = Homework14;
			productName = Homework14;
			productReference = 16BE46BB26671CC400F3B740 /* Homework14.app */;
			productType = "com.apple.product-type.application";
		};
/* End PBXNativeTarget section */

/* Begin PBXProject section */
		16BE46B326671CC400F3B740 /* Project object */ = {
			isa = PBXProject;
			attributes = {
				LastSwiftUpdateCheck = 1240;
				LastUpgradeCheck = 1240;
				TargetAttributes = {
					16BE46BA26671CC400F3B740 = {
						CreatedOnToolsVersion = 12.4;
					};
				};
			};
			buildConfigurationList = 16BE46B626671CC400F3B740 /* Build configuration list for PBXProject "Homework14" */;
			compatibilityVersion = "Xcode 9.3";
			developmentRegion = en;
			hasScannedForEncodings = 0;
			knownRegions = (
				en,
				Base,
			);
			mainGroup = 16BE46B226671CC400F3B740;
			productRefGroup = 16BE46BC26671CC400F3B740 /* Products */;
			projectDirPath = "";
			projectRoot = "";
			targets = (
				16BE46BA26671CC400F3B740 /* Homework14 */,
			);
		};
/* End PBXProject section */

/* Begin PBXResourcesBuildPhase section */
		16BE46B926671CC400F3B740 /* Resources */ = {
			isa = PBXResourcesBuildPhase;
			buildActionMask = 2147483647;
			files = (
				16BE46CB26671CC500F3B740 /* LaunchScreen.storyboard in Resources */,
				16BE46C826671CC500F3B740 /* Assets.xcassets in Resources */,
				16BE46C626671CC400F3B740 /* Main.storyboard in Resources */,
			);
			runOnlyForDeploymentPostprocessing = 0;
		};
/* End PBXResourcesBuildPhase section */

/* Begin PBXShellScriptBuildPhase section */
		6696B5007CBEDD1E3585356F /* [CP] Check Pods Manifest.lock */ = {
			isa = PBXShellScriptBuildPhase;
			buildActionMask = 2147483647;
			files = (
			);
			inputFileListPaths = (
			);
			inputPaths = (
				"${PODS_PODFILE_DIR_PATH}/Podfile.lock",
				"${PODS_ROOT}/Manifest.lock",
			);
			name = "[CP] Check Pods Manifest.lock";
			outputFileListPaths = (
			);
			outputPaths = (
				"$(DERIVED_FILE_DIR)/Pods-Homework14-checkManifestLockResult.txt",
			);
			runOnlyForDeploymentPostprocessing = 0;
			shellPath = /bin/sh;
			shellScript = "diff \"${PODS_PODFILE_DIR_PATH}/Podfile.lock\" \"${PODS_ROOT}/Manifest.lock\" > /dev/null\nif [ $? != 0 ] ; then\n    # print error to STDERR\n    echo \"error: The sandbox is not in sync with the Podfile.lock. Run 'pod install' or update your CocoaPods installation.\" >&2\n    exit 1\nfi\n# This output is used by Xcode 'outputs' to avoid re-running this script phase.\necho \"SUCCESS\" > \"${SCRIPT_OUTPUT_FILE_0}\"\n";
			showEnvVarsInLog = 0;
		};
		D227C03FA7FF164CAAC898E7 /* [CP] Embed Pods Frameworks */ = {
			isa = PBXShellScriptBuildPhase;
			buildActionMask = 2147483647;
			files = (
			);
			inputFileListPaths = (
				"${PODS_ROOT}/Target Support Files/Pods-Homework14/Pods-Homework14-frameworks-${CONFIGURATION}-input-files.xcfilelist",
			);
			name = "[CP] Embed Pods Frameworks";
			outputFileListPaths = (
				"${PODS_ROOT}/Target Support Files/Pods-Homework14/Pods-Homework14-frameworks-${CONFIGURATION}-output-files.xcfilelist",
			);
			runOnlyForDeploymentPostprocessing = 0;
			shellPath = /bin/sh;
			shellScript = "\"${PODS_ROOT}/Target Support Files/Pods-Homework14/Pods-Homework14-frameworks.sh\"\n";
			showEnvVarsInLog = 0;
		};
/* End PBXShellScriptBuildPhase section */

/* Begin PBXSourcesBuildPhase section */
		16BE46B726671CC400F3B740 /* Sources */ = {
			isa = PBXSourcesBuildPhase;
			buildActionMask = 2147483647;
			files = (
				16BE46E126671F9D00F3B740 /* DepartmentController.swift in Sources */,
				16BE46BF26671CC400F3B740 /* AppDelegate.swift in Sources */,
				16BE46C126671CC400F3B740 /* SceneDelegate.swift in Sources */,
				16BE46E426671FBE00F3B740 /* EmployeeController.swift in Sources */,
			);
			runOnlyForDeploymentPostprocessing = 0;
		};
/* End PBXSourcesBuildPhase section */

/* Begin PBXVariantGroup section */
		16BE46C426671CC400F3B740 /* Main.storyboard */ = {
			isa = PBXVariantGroup;
			children = (
				16BE46C526671CC400F3B740 /* Base */,
			);
			name = Main.storyboard;
			sourceTree = "<group>";
		};
		16BE46C926671CC500F3B740 /* LaunchScreen.storyboard */ = {
			isa = PBXVariantGroup;
			children = (
				16BE46CA26671CC500F3B740 /* Base */,
			);
			name = LaunchScreen.storyboard;
			sourceTree = "<group>";
		};
/* End PBXVariantGroup section */

/* Begin XCBuildConfiguration section */
		16BE46CD26671CC500F3B740 /* Debug */ = {
			isa = XCBuildConfiguration;
			buildSettings = {
				ALWAYS_SEARCH_USER_PATHS = NO;
				CLANG_ANALYZER_NONNULL = YES;
				CLANG_ANALYZER_NUMBER_OBJECT_CONVERSION = YES_AGGRESSIVE;
				CLANG_CXX_LANGUAGE_STANDARD = "gnu++14";
				CLANG_CXX_LIBRARY = "libc++";
				CLANG_ENABLE_MODULES = YES;
				CLANG_ENABLE_OBJC_ARC = YES;
				CLANG_ENABLE_OBJC_WEAK = YES;
				CLANG_WARN_BLOCK_CAPTURE_AUTORELEASING = YES;
				CLANG_WARN_BOOL_CONVERSION = YES;
				CLANG_WARN_COMMA = YES;
				CLANG_WARN_CONSTANT_CONVERSION = YES;
				CLANG_WARN_DEPRECATED_OBJC_IMPLEMENTATIONS = YES;
				CLANG_WARN_DIRECT_OBJC_ISA_USAGE = YES_ERROR;
				CLANG_WARN_DOCUMENTATION_COMMENTS = YES;
				CLANG_WARN_EMPTY_BODY = YES;
				CLANG_WARN_ENUM_CONVERSION = YES;
				CLANG_WARN_INFINITE_RECURSION = YES;
				CLANG_WARN_INT_CONVERSION = YES;
				CLANG_WARN_NON_LITERAL_NULL_CONVERSION = YES;
				CLANG_WARN_OBJC_IMPLICIT_RETAIN_SELF = YES;
				CLANG_WARN_OBJC_LITERAL_CONVERSION = YES;
				CLANG_WARN_OBJC_ROOT_CLASS = YES_ERROR;
				CLANG_WARN_QUOTED_INCLUDE_IN_FRAMEWORK_HEADER = YES;
				CLANG_WARN_RANGE_LOOP_ANALYSIS = YES;
				CLANG_WARN_STRICT_PROTOTYPES = YES;
				CLANG_WARN_SUSPICIOUS_MOVE = YES;
				CLANG_WARN_UNGUARDED_AVAILABILITY = YES_AGGRESSIVE;
				CLANG_WARN_UNREACHABLE_CODE = YES;
				CLANG_WARN__DUPLICATE_METHOD_MATCH = YES;
				COPY_PHASE_STRIP = NO;
				DEBUG_INFORMATION_FORMAT = dwarf;
				ENABLE_STRICT_OBJC_MSGSEND = YES;
				ENABLE_TESTABILITY = YES;
				GCC_C_LANGUAGE_STANDARD = gnu11;
				GCC_DYNAMIC_NO_PIC = NO;
				GCC_NO_COMMON_BLOCKS = YES;
				GCC_OPTIMIZATION_LEVEL = 0;
				GCC_PREPROCESSOR_DEFINITIONS = (
					"DEBUG=1",
					"$(inherited)",
				);
				GCC_WARN_64_TO_32_BIT_CONVERSION = YES;
				GCC_WARN_ABOUT_RETURN_TYPE = YES_ERROR;
				GCC_WARN_UNDECLARED_SELECTOR = YES;
				GCC_WARN_UNINITIALIZED_AUTOS = YES_AGGRESSIVE;
				GCC_WARN_UNUSED_FUNCTION = YES;
				GCC_WARN_UNUSED_VARIABLE = YES;
				IPHONEOS_DEPLOYMENT_TARGET = 14.4;
				MTL_ENABLE_DEBUG_INFO = INCLUDE_SOURCE;
				MTL_FAST_MATH = YES;
				ONLY_ACTIVE_ARCH = YES;
				SDKROOT = iphoneos;
				SWIFT_ACTIVE_COMPILATION_CONDITIONS = DEBUG;
				SWIFT_OPTIMIZATION_LEVEL = "-Onone";
			};
			name = Debug;
		};
		16BE46CE26671CC500F3B740 /* Release */ = {
			isa = XCBuildConfiguration;
			buildSettings = {
				ALWAYS_SEARCH_USER_PATHS = NO;
				CLANG_ANALYZER_NONNULL = YES;
				CLANG_ANALYZER_NUMBER_OBJECT_CONVERSION = YES_AGGRESSIVE;
				CLANG_CXX_LANGUAGE_STANDARD = "gnu++14";
				CLANG_CXX_LIBRARY = "libc++";
				CLANG_ENABLE_MODULES = YES;
				CLANG_ENABLE_OBJC_ARC = YES;
				CLANG_ENABLE_OBJC_WEAK = YES;
				CLANG_WARN_BLOCK_CAPTURE_AUTORELEASING = YES;
				CLANG_WARN_BOOL_CONVERSION = YES;
				CLANG_WARN_COMMA = YES;
				CLANG_WARN_CONSTANT_CONVERSION = YES;
				CLANG_WARN_DEPRECATED_OBJC_IMPLEMENTATIONS = YES;
				CLANG_WARN_DIRECT_OBJC_ISA_USAGE = YES_ERROR;
				CLANG_WARN_DOCUMENTATION_COMMENTS = YES;
				CLANG_WARN_EMPTY_BODY = YES;
				CLANG_WARN_ENUM_CONVERSION = YES;
				CLANG_WARN_INFINITE_RECURSION = YES;
				CLANG_WARN_INT_CONVERSION = YES;
				CLANG_WARN_NON_LITERAL_NULL_CONVERSION = YES;
				CLANG_WARN_OBJC_IMPLICIT_RETAIN_SELF = YES;
				CLANG_WARN_OBJC_LITERAL_CONVERSION = YES;
				CLANG_WARN_OBJC_ROOT_CLASS = YES_ERROR;
				CLANG_WARN_QUOTED_INCLUDE_IN_FRAMEWORK_HEADER = YES;
				CLANG_WARN_RANGE_LOOP_ANALYSIS = YES;
				CLANG_WARN_STRICT_PROTOTYPES = YES;
				CLANG_WARN_SUSPICIOUS_MOVE = YES;
				CLANG_WARN_UNGUARDED_AVAILABILITY = YES_AGGRESSIVE;
				CLANG_WARN_UNREACHABLE_CODE = YES;
				CLANG_WARN__DUPLICATE_METHOD_MATCH = YES;
				COPY_PHASE_STRIP = NO;
				DEBUG_INFORMATION_FORMAT = "dwarf-with-dsym";
				ENABLE_NS_ASSERTIONS = NO;
				ENABLE_STRICT_OBJC_MSGSEND = YES;
				GCC_C_LANGUAGE_STANDARD = gnu11;
				GCC_NO_COMMON_BLOCKS = YES;
				GCC_WARN_64_TO_32_BIT_CONVERSION = YES;
				GCC_WARN_ABOUT_RETURN_TYPE = YES_ERROR;
				GCC_WARN_UNDECLARED_SELECTOR = YES;
				GCC_WARN_UNINITIALIZED_AUTOS = YES_AGGRESSIVE;
				GCC_WARN_UNUSED_FUNCTION = YES;
				GCC_WARN_UNUSED_VARIABLE = YES;
				IPHONEOS_DEPLOYMENT_TARGET = 14.4;
				MTL_ENABLE_DEBUG_INFO = NO;
				MTL_FAST_MATH = YES;
				SDKROOT = iphoneos;
				SWIFT_COMPILATION_MODE = wholemodule;
				SWIFT_OPTIMIZATION_LEVEL = "-O";
				VALIDATE_PRODUCT = YES;
			};
			name = Release;
		};
		16BE46D026671CC500F3B740 /* Debug */ = {
			isa = XCBuildConfiguration;
			baseConfigurationReference = 9E181E63DB33B81805A6C147 /* Pods-Homework14.debug.xcconfig */;
			buildSettings = {
				ASSETCATALOG_COMPILER_APPICON_NAME = AppIcon;
				ASSETCATALOG_COMPILER_GLOBAL_ACCENT_COLOR_NAME = AccentColor;
				CODE_SIGN_STYLE = Automatic;
				INFOPLIST_FILE = Homework14/Info.plist;
				LD_RUNPATH_SEARCH_PATHS = (
					"$(inherited)",
					"@executable_path/Frameworks",
				);
				PRODUCT_BUNDLE_IDENTIFIER = kr.ac.duksung.Homework14;
				PRODUCT_NAME = "$(TARGET_NAME)";
				SWIFT_VERSION = 5.0;
				TARGETED_DEVICE_FAMILY = "1,2";
			};
			name = Debug;
		};
		16BE46D126671CC500F3B740 /* Release */ = {
			isa = XCBuildConfiguration;
			baseConfigurationReference = 9DA47ACD8F90704B657914A7 /* Pods-Homework14.release.xcconfig */;
			buildSettings = {
				ASSETCATALOG_COMPILER_APPICON_NAME = AppIcon;
				ASSETCATALOG_COMPILER_GLOBAL_ACCENT_COLOR_NAME = AccentColor;
				CODE_SIGN_STYLE = Automatic;
				INFOPLIST_FILE = Homework14/Info.plist;
				LD_RUNPATH_SEARCH_PATHS = (
					"$(inherited)",
					"@executable_path/Frameworks",
				);
				PRODUCT_BUNDLE_IDENTIFIER = kr.ac.duksung.Homework14;
				PRODUCT_NAME = "$(TARGET_NAME)";
				SWIFT_VERSION = 5.0;
				TARGETED_DEVICE_FAMILY = "1,2";
			};
			name = Release;
		};
/* End XCBuildConfiguration section */

/* Begin XCConfigurationList section */
		16BE46B626671CC400F3B740 /* Build configuration list for PBXProject "Homework14" */ = {
			isa = XCConfigurationList;
			buildConfigurations = (
				16BE46CD26671CC500F3B740 /* Debug */,
				16BE46CE26671CC500F3B740 /* Release */,
			);
			defaultConfigurationIsVisible = 0;
			defaultConfigurationName = Release;
		};
		16BE46CF26671CC500F3B740 /* Build configuration list for PBXNativeTarget "Homework14" */ = {
			isa = XCConfigurationList;
			buildConfigurations = (
				16BE46D026671CC500F3B740 /* Debug */,
				16BE46D126671CC500F3B740 /* Release */,
			);
			defaultConfigurationIsVisible = 0;
			defaultConfigurationName = Release;
		};
/* End XCConfigurationList section */
	};
	rootObject = 16BE46B326671CC400F3B740 /* Project object */;
}
